
Microsoft Visual Studio Solution File, Format Version 12.00
# Visual Studio Version 16
VisualStudioVersion = 16.0.33027.164
MinimumVisualStudioVersion = 10.0.40219.1
Project("{FAE04EC0-301F-11D3-BF4B-00C04F79EFBC}") = "PE02_Group10_GameHouse.Server", "PE02_Group10_GameHouse\Server\PE02_Group10_GameHouse.Server.csproj", "{E8420480-5047-4B9B-968B-287C090D8620}"
EndProject
Project("{FAE04EC0-301F-11D3-BF4B-00C04F79EFBC}") = "PE02_Group10_GameHouse.Client", "PE02_Group10_GameHouse\Client\PE02_Group10_GameHouse.Client.csproj", "{A75E0F12-EAED-4D8A-8ED2-06DD4390BA19}"
EndProject
Project("{FAE04EC0-301F-11D3-BF4B-00C04F79EFBC}") = "PE02_Group10_GameHouse.Shared", "PE02_Group10_GameHouse\Shared\PE02_Group10_GameHouse.Shared.csproj", "{5F94F896-94AD-4CF4-BBAC-ED4452C7D7A5}"
EndProject
Global
	GlobalSection(SolutionConfigurationPlatforms) = preSolution
		Debug|Any CPU = Debug|Any CPU
		Release|Any CPU = Release|Any CPU
	EndGlobalSection
	GlobalSection(ProjectConfigurationPlatforms) = postSolution
		{E8420480-5047-4B9B-968B-287C090D8620}.Debug|Any CPU.ActiveCfg = Debug|Any CPU
		{E8420480-5047-4B9B-968B-287C090D8620}.Debug|Any CPU.Build.0 = Debug|Any CPU
		{E8420480-5047-4B9B-968B-287C090D8620}.Release|Any CPU.ActiveCfg = Release|Any CPU
		{E8420480-5047-4B9B-968B-287C090D8620}.Release|Any CPU.Build.0 = Release|Any CPU
		{A75E0F12-EAED-4D8A-8ED2-06DD4390BA19}.Debug|Any CPU.ActiveCfg = Debug|Any CPU
		{A75E0F12-EAED-4D8A-8ED2-06DD4390BA19}.Debug|Any CPU.Build.0 = Debug|Any CPU
		{A75E0F12-EAED-4D8A-8ED2-06DD4390BA19}.Release|Any CPU.ActiveCfg = Release|Any CPU
		{A75E0F12-EAED-4D8A-8ED2-06DD4390BA19}.Release|Any CPU.Build.0 = Release|Any CPU
		{5F94F896-94AD-4CF4-BBAC-ED4452C7D7A5}.Debug|Any CPU.ActiveCfg = Debug|Any CPU
		{5F94F896-94AD-4CF4-BBAC-ED4452C7D7A5}.Debug|Any CPU.Build.0 = Debug|Any CPU
		{5F94F896-94AD-4CF4-BBAC-ED4452C7D7A5}.Release|Any CPU.ActiveCfg = Release|Any CPU
		{5F94F896-94AD-4CF4-BBAC-ED4452C7D7A5}.Release|Any CPU.Build.0 = Release|Any CPU
	EndGlobalSection
	GlobalSection(SolutionProperties) = preSolution
		HideSolutionNode = FALSE
	EndGlobalSection
	GlobalSection(ExtensibilityGlobals) = postSolution
		SolutionGuid = {8B2E2C7C-C4C0-478F-9C0E-9F972A528476}
	EndGlobalSection
EndGlobal
